
Microsoft Visual Studio Solution File, Format Version 12.00
# Visual Studio Version 16
VisualStudioVersion = 16.0.32228.343
MinimumVisualStudioVersion = 10.0.40219.1
Project("{FAE04EC0-301F-11D3-BF4B-00C04F79EFBC}") = "costomer change password", "costomer change password.csproj", "{DC4054DF-AD16-4B48-A39C-6D675BCFAFE7}"
EndProject
Global
	GlobalSection(SolutionConfigurationPlatforms) = preSolution
		Debug|Any CPU = Debug|Any CPU
		Release|Any CPU = Release|Any CPU
	EndGlobalSection
	GlobalSection(ProjectConfigurationPlatforms) = postSolution
		{DC4054DF-AD16-4B48-A39C-6D675BCFAFE7}.Debug|Any CPU.ActiveCfg = Debug|Any CPU
		{DC4054DF-AD16-4B48-A39C-6D675BCFAFE7}.Debug|Any CPU.Build.0 = Debug|Any CPU
		{DC4054DF-AD16-4B48-A39C-6D675BCFAFE7}.Release|Any CPU.ActiveCfg = Release|Any CPU
		{DC4054DF-AD16-4B48-A39C-6D675BCFAFE7}.Release|Any CPU.Build.0 = Release|Any CPU
	EndGlobalSection
	GlobalSection(SolutionProperties) = preSolution
		HideSolutionNode = FALSE
	EndGlobalSection
	GlobalSection(ExtensibilityGlobals) = postSolution
		SolutionGuid = {67A00AD4-882B-4041-B5AF-F4EF815CD76D}
	EndGlobalSection
EndGlobal
